
Microsoft Visual Studio Solution File, Format Version 12.00
# Visual Studio Version 17
VisualStudioVersion = 17.9.34616.47
MinimumVisualStudioVersion = 10.0.40219.1
Project("{9A19103F-16F7-4668-BE54-9A1E7A4F7556}") = "ControlFinaApi", "ControlFinaApi\ControlFinaApi.csproj", "{B4D9A757-6230-4B98-9050-1AFD7EFC2C15}"
EndProject
Project("{E53339B2-1760-4266-BCC7-CA923CBCF16C}") = "docker-compose", "docker-compose.dcproj", "{9DF18E7A-B24B-4A68-9328-C769DE7C9BE4}"
EndProject
Global
	GlobalSection(SolutionConfigurationPlatforms) = preSolution
		Debug|Any CPU = Debug|Any CPU
		Release|Any CPU = Release|Any CPU
	EndGlobalSection
	GlobalSection(ProjectConfigurationPlatforms) = postSolution
		{B4D9A757-6230-4B98-9050-1AFD7EFC2C15}.Debug|Any CPU.ActiveCfg = Debug|Any CPU
		{B4D9A757-6230-4B98-9050-1AFD7EFC2C15}.Debug|Any CPU.Build.0 = Debug|Any CPU
		{B4D9A757-6230-4B98-9050-1AFD7EFC2C15}.Release|Any CPU.ActiveCfg = Release|Any CPU
		{B4D9A757-6230-4B98-9050-1AFD7EFC2C15}.Release|Any CPU.Build.0 = Release|Any CPU
		{9DF18E7A-B24B-4A68-9328-C769DE7C9BE4}.Debug|Any CPU.ActiveCfg = Debug|Any CPU
		{9DF18E7A-B24B-4A68-9328-C769DE7C9BE4}.Debug|Any CPU.Build.0 = Debug|Any CPU
		{9DF18E7A-B24B-4A68-9328-C769DE7C9BE4}.Release|Any CPU.ActiveCfg = Release|Any CPU
		{9DF18E7A-B24B-4A68-9328-C769DE7C9BE4}.Release|Any CPU.Build.0 = Release|Any CPU
	EndGlobalSection
	GlobalSection(SolutionProperties) = preSolution
		HideSolutionNode = FALSE
	EndGlobalSection
	GlobalSection(ExtensibilityGlobals) = postSolution
		SolutionGuid = {26B80409-D07E-4F97-910B-187113C97D78}
	EndGlobalSection
EndGlobal
